# THIS IS AN AUTOGENERATED FILE. DO NOT EDIT THIS FILE DIRECTLY.
# yarn lockfile v1


"@babel/code-frame@^7.0.0":
  version "7.16.0"
  resolved "https://registry.yarnpkg.com/@babel/code-frame/-/code-frame-7.16.0.tgz#0dfc80309beec8411e65e706461c408b0bb9b431"
  integrity sha512-IF4EOMEV+bfYwOmNxGzSnjR2EmQod7f1UXOpZM3l4i4o4QNwzjtJAu/HxdjHq0aYBvdqMuQEY1eg0nqW9ZPORA==
  dependencies:
    "@babel/highlight" "^7.16.0"

"@babel/helper-module-imports@^7.12.13":
  version "7.16.0"
  resolved "https://registry.yarnpkg.com/@babel/helper-module-imports/-/helper-module-imports-7.16.0.tgz#90538e60b672ecf1b448f5f4f5433d37e79a3ec3"
  integrity sha512-kkH7sWzKPq0xt3H1n+ghb4xEMP8k0U7XV3kkB+ZGy69kDk2ySFW1qPi06sjKzFY3t1j6XbJSqr4mF9L7CYVyhg==
  dependencies:
    "@babel/types" "^7.16.0"

"@babel/helper-plugin-utils@^7.14.5":
  version "7.14.5"
  resolved "https://registry.yarnpkg.com/@babel/helper-plugin-utils/-/helper-plugin-utils-7.14.5.tgz#5ac822ce97eec46741ab70a517971e443a70c5a9"
  integrity sha512-/37qQCE3K0vvZKwoK4XU/irIJQdIfCJuhU5eKnNxpFDsOkgFaUAwbv+RYw6eYgsC0E4hS7r5KqGULUogqui0fQ==

"@babel/helper-validator-identifier@^7.15.7":
  version "7.15.7"
  resolved "https://registry.yarnpkg.com/@babel/helper-validator-identifier/-/helper-validator-identifier-7.15.7.tgz#220df993bfe904a4a6b02ab4f3385a5ebf6e2389"
  integrity sha512-K4JvCtQqad9OY2+yTU8w+E82ywk/fe+ELNlt1G8z3bVGlZfn/hOcQQsUhGhW/N+tb3fxK800wLtKOE/aM0m72w==

"@babel/highlight@^7.16.0":
  version "7.16.0"
  resolved "https://registry.yarnpkg.com/@babel/highlight/-/highlight-7.16.0.tgz#6ceb32b2ca4b8f5f361fb7fd821e3fddf4a1725a"
  integrity sha512-t8MH41kUQylBtu2+4IQA3atqevA2lRgqA2wyVB/YiWmsDSuylZZuXOUy9ric30hfzauEFfdsuk/eXTRrGrfd0g==
  dependencies:
    "@babel/helper-validator-identifier" "^7.15.7"
    chalk "^2.0.0"
    js-tokens "^4.0.0"

"@babel/plugin-syntax-jsx@^7.12.13":
  version "7.16.0"
  resolved "https://registry.yarnpkg.com/@babel/plugin-syntax-jsx/-/plugin-syntax-jsx-7.16.0.tgz#f9624394317365a9a88c82358d3f8471154698f1"
  integrity sha512-8zv2+xiPHwly31RK4RmnEYY5zziuF3O7W2kIDW+07ewWDh6Oi0dRq8kwvulRkFgt6DB97RlKs5c1y068iPlCUg==
  dependencies:
    "@babel/helper-plugin-utils" "^7.14.5"

"@babel/runtime@^7.12.5", "@babel/runtime@^7.13.10", "@babel/runtime@^7.14.8", "@babel/runtime@^7.7.2":
  version "7.16.0"
  resolved "https://registry.yarnpkg.com/@babel/runtime/-/runtime-7.16.0.tgz#e27b977f2e2088ba24748bf99b5e1dece64e4f0b"
  integrity sha512-Nht8L0O8YCktmsDV6FqFue7vQLRx3Hb0B37lS5y0jDRqRxlBG4wIJHnf9/bgSE2UyipKFA01YtS+npRdTWBUyw==
  dependencies:
    regenerator-runtime "^0.13.4"

"@babel/types@^7.16.0":
  version "7.16.0"
  resolved "https://registry.yarnpkg.com/@babel/types/-/types-7.16.0.tgz#db3b313804f96aadd0b776c4823e127ad67289ba"
  integrity sha512-PJgg/k3SdLsGb3hhisFvtLOw5ts113klrpLuIPtCJIU+BB24fqq6lf8RWqKJEjzqXR9AEH1rIb5XTqwBHB+kQg==
  dependencies:
    "@babel/helper-validator-identifier" "^7.15.7"
    to-fast-properties "^2.0.0"

"@emotion/babel-plugin@^11.0.0", "@emotion/babel-plugin@^11.2.0":
  version "11.3.0"
  resolved "https://registry.yarnpkg.com/@emotion/babel-plugin/-/babel-plugin-11.3.0.tgz#3a16850ba04d8d9651f07f3fb674b3436a4fb9d7"
  integrity sha512-UZKwBV2rADuhRp+ZOGgNWg2eYgbzKzQXfQPtJbu/PLy8onurxlNCLvxMQEvlr1/GudguPI5IU9qIY1+2z1M5bA==
  dependencies:
    "@babel/helper-module-imports" "^7.12.13"
    "@babel/plugin-syntax-jsx" "^7.12.13"
    "@babel/runtime" "^7.13.10"
    "@emotion/hash" "^0.8.0"
    "@emotion/memoize" "^0.7.5"
    "@emotion/serialize" "^1.0.2"
    babel-plugin-macros "^2.6.1"
    convert-source-map "^1.5.0"
    escape-string-regexp "^4.0.0"
    find-root "^1.1.0"
    source-map "^0.5.7"
    stylis "^4.0.3"

"@emotion/cache@^11.5.0":
  version "11.5.0"
  resolved "https://registry.yarnpkg.com/@emotion/cache/-/cache-11.5.0.tgz#a5eb78cbef8163939ee345e3ddf0af217b845e62"
  integrity sha512-mAZ5QRpLriBtaj/k2qyrXwck6yeoz1V5lMt/jfj6igWU35yYlNKs2LziXVgvH81gnJZ+9QQNGelSsnuoAy6uIw==
  dependencies:
    "@emotion/memoize" "^0.7.4"
    "@emotion/sheet" "^1.0.3"
    "@emotion/utils" "^1.0.0"
    "@emotion/weak-memoize" "^0.2.5"
    stylis "^4.0.10"

"@emotion/css@^11.1.3":
  version "11.5.0"
  resolved "https://registry.yarnpkg.com/@emotion/css/-/css-11.5.0.tgz#0a80017080cb44d47994fe576b9923bfc8b0f6ad"
  integrity sha512-mqjz/3aqR9rp40M+pvwdKYWxlQK4Nj3cnNjo3Tx6SM14dSsEn7q/4W2/I7PlgG+mb27iITHugXuBIHH/QwUBVQ==
  dependencies:
    "@emotion/babel-plugin" "^11.0.0"
    "@emotion/cache" "^11.5.0"
    "@emotion/serialize" "^1.0.0"
    "@emotion/sheet" "^1.0.3"
    "@emotion/utils" "^1.0.0"

"@emotion/hash@^0.8.0":
  version "0.8.0"
  resolved "https://registry.yarnpkg.com/@emotion/hash/-/hash-0.8.0.tgz#bbbff68978fefdbe68ccb533bc8cbe1d1afb5413"
  integrity sha512-kBJtf7PH6aWwZ6fka3zQ0p6SBYzx4fl1LoZXE2RrnYST9Xljm7WfKJrU4g/Xr3Beg72MLrp1AWNUmuYJTL7Cow==

"@emotion/is-prop-valid@^0.8.2":
  version "0.8.8"
  resolved "https://registry.yarnpkg.com/@emotion/is-prop-valid/-/is-prop-valid-0.8.8.tgz#db28b1c4368a259b60a97311d6a952d4fd01ac1a"
  integrity sha512-u5WtneEAr5IDG2Wv65yhunPSMLIpuKsbuOktRojfrEiEvRyC85LgPMZI63cr7NUqT8ZIGdSVg8ZKGxIug4lXcA==
  dependencies:
    "@emotion/memoize" "0.7.4"

"@emotion/is-prop-valid@^1.1.0":
  version "1.1.0"
  resolved "https://registry.yarnpkg.com/@emotion/is-prop-valid/-/is-prop-valid-1.1.0.tgz#29ef6be1e946fb4739f9707def860f316f668cde"
  integrity sha512-9RkilvXAufQHsSsjQ3PIzSns+pxuX4EW8EbGeSPjZMHuMx6z/MOzb9LpqNieQX4F3mre3NWS2+X3JNRHTQztUQ==
  dependencies:
    "@emotion/memoize" "^0.7.4"

"@emotion/memoize@0.7.4":
  version "0.7.4"
  resolved "https://registry.yarnpkg.com/@emotion/memoize/-/memoize-0.7.4.tgz#19bf0f5af19149111c40d98bb0cf82119f5d9eeb"
  integrity sha512-Ja/Vfqe3HpuzRsG1oBtWTHk2PGZ7GR+2Vz5iYGelAw8dx32K0y7PjVuxK6z1nMpZOqAFsRUPCkK1YjJ56qJlgw==

"@emotion/memoize@^0.7.4", "@emotion/memoize@^0.7.5":
  version "0.7.5"
  resolved "https://registry.yarnpkg.com/@emotion/memoize/-/memoize-0.7.5.tgz#2c40f81449a4e554e9fc6396910ed4843ec2be50"
  integrity sha512-igX9a37DR2ZPGYtV6suZ6whr8pTFtyHL3K/oLUotxpSVO2ASaprmAe2Dkq7tBo7CRY7MMDrAa9nuQP9/YG8FxQ==

"@emotion/react@^11.1.5":
  version "11.5.0"
  resolved "https://registry.yarnpkg.com/@emotion/react/-/react-11.5.0.tgz#19b5771bbfbda5e8517e948a2d9064810f0022bd"
  integrity sha512-MYq/bzp3rYbee4EMBORCn4duPQfgpiEB5XzrZEBnUZAL80Qdfr7CEv/T80jwaTl/dnZmt9SnTa8NkTrwFNpLlw==
  dependencies:
    "@babel/runtime" "^7.13.10"
    "@emotion/cache" "^11.5.0"
    "@emotion/serialize" "^1.0.2"
    "@emotion/sheet" "^1.0.3"
    "@emotion/utils" "^1.0.0"
    "@emotion/weak-memoize" "^0.2.5"
    hoist-non-react-statics "^3.3.1"

"@emotion/serialize@^1.0.0", "@emotion/serialize@^1.0.2":
  version "1.0.2"
  resolved "https://registry.yarnpkg.com/@emotion/serialize/-/serialize-1.0.2.tgz#77cb21a0571c9f68eb66087754a65fa97bfcd965"
  integrity sha512-95MgNJ9+/ajxU7QIAruiOAdYNjxZX7G2mhgrtDWswA21VviYIRP1R5QilZ/bDY42xiKsaktP4egJb3QdYQZi1A==
  dependencies:
    "@emotion/hash" "^0.8.0"
    "@emotion/memoize" "^0.7.4"
    "@emotion/unitless" "^0.7.5"
    "@emotion/utils" "^1.0.0"
    csstype "^3.0.2"

"@emotion/sheet@^1.0.3":
  version "1.0.3"
  resolved "https://registry.yarnpkg.com/@emotion/sheet/-/sheet-1.0.3.tgz#00c326cd7985c5ccb8fe2c1b592886579dcfab8f"
  integrity sha512-YoX5GyQ4db7LpbmXHMuc8kebtBGP6nZfRC5Z13OKJMixBEwdZrJ914D6yJv/P+ZH/YY3F5s89NYX2hlZAf3SRQ==

"@emotion/unitless@^0.7.5":
  version "0.7.5"
  resolved "https://registry.yarnpkg.com/@emotion/unitless/-/unitless-0.7.5.tgz#77211291c1900a700b8a78cfafda3160d76949ed"
  integrity sha512-OWORNpfjMsSSUBVrRBVGECkhWcULOAJz9ZW8uK9qgxD+87M7jHRcvh/A96XXNhXTLmKcoYSQtBEX7lHMO7YRwg==

"@emotion/utils@^1.0.0":
  version "1.0.0"
  resolved "https://registry.yarnpkg.com/@emotion/utils/-/utils-1.0.0.tgz#abe06a83160b10570816c913990245813a2fd6af"
  integrity sha512-mQC2b3XLDs6QCW+pDQDiyO/EdGZYOygE8s5N5rrzjSI4M3IejPE/JPndCBwRT9z982aqQNi6beWs1UeayrQxxA==

"@emotion/weak-memoize@^0.2.5":
  version "0.2.5"
  resolved "https://registry.yarnpkg.com/@emotion/weak-memoize/-/weak-memoize-0.2.5.tgz#8eed982e2ee6f7f4e44c253e12962980791efd46"
  integrity sha512-6U71C2Wp7r5XtFtQzYrW5iKFT67OixrSxjI4MptCHzdSVlgabczzqLe0ZSgnub/5Kp4hSbpDB1tMytZY9pwxxA==

"@formatjs/ecma402-abstract@1.10.0":
  version "1.10.0"
  resolved "https://registry.yarnpkg.com/@formatjs/ecma402-abstract/-/ecma402-abstract-1.10.0.tgz#f51b9167535c9463113c24644de90262aa5d31a7"
  integrity sha512-WNkcUHC6xw12rWY87TUw6KXzb1LnOooYBLLqtyn1kW2j197rcwpqmUOJMBED56YcLzaJPfVw1L2ShiDhL5pVnQ==
  dependencies:
    "@formatjs/intl-localematcher" "0.2.21"
    tslib "^2.1.0"

"@formatjs/fast-memoize@1.2.0":
  version "1.2.0"
  resolved "https://registry.yarnpkg.com/@formatjs/fast-memoize/-/fast-memoize-1.2.0.tgz#1123bfcc5d21d761f15d8b1c32d10e1b6530355d"
  integrity sha512-fObitP9Tlc31SKrPHgkPgQpGo4+4yXfQQITTCNH8AZdEqB7Mq4nPrjpUL/tNGN3lEeJcFxDbi0haX8HM7QvQ8w==
  dependencies:
    tslib "^2.1.0"

"@formatjs/icu-messageformat-parser@2.0.14":
  version "2.0.14"
  resolved "https://registry.yarnpkg.com/@formatjs/icu-messageformat-parser/-/icu-messageformat-parser-2.0.14.tgz#d794af24e4896f4d2b400e28c25b1ba72604c106"
  integrity sha512-M79MdUMLnfLK8eMrznUwke6afH9G/eOQeYvMUJ7uElXIL+//PyyjOzb42hAYfDAGYsAcKA2TsUo33Yuy2lE4AQ==
  dependencies:
    "@formatjs/ecma402-abstract" "1.10.0"
    "@formatjs/icu-skeleton-parser" "1.3.1"
    tslib "^2.1.0"

"@formatjs/icu-skeleton-parser@1.3.1":
  version "1.3.1"
  resolved "https://registry.yarnpkg.com/@formatjs/icu-skeleton-parser/-/icu-skeleton-parser-1.3.1.tgz#02ad3209cb518096b830582068a322fee050adcf"
  integrity sha512-WdPNjhv9e7EfyrIVYk6hN6/mC9YF+PcfFViDI2kATwoi1uKHr+AkQCMoNrWyCDdUQ+Dn50mQOlrEkCBXoLrkPQ==
  dependencies:
    "@formatjs/ecma402-abstract" "1.10.0"
    tslib "^2.1.0"

"@formatjs/intl-displaynames@5.2.5":
  version "5.2.5"
  resolved "https://registry.yarnpkg.com/@formatjs/intl-displaynames/-/intl-displaynames-5.2.5.tgz#c8cb4983a3ce3bdc18d11e22cffc7dad9ceb3050"
  integrity sha512-iYlce/hG31ohJOwpv3yhOiEIwEBMqOt2kzA2BQTx1ra8ferBn4WlTxkouoDNiAKEBD1LFYZBIC25jsSJUJOEbg==
  dependencies:
    "@formatjs/ecma402-abstract" "1.10.0"
    "@formatjs/intl-localematcher" "0.2.21"
    tslib "^2.1.0"

"@formatjs/intl-listformat@6.3.5":
  version "6.3.5"
  resolved "https://registry.yarnpkg.com/@formatjs/intl-listformat/-/intl-listformat-6.3.5.tgz#9631b6853e3b6cdedff371e132b310d259a6410f"
  integrity sha512-GtiMMx5RB/gID7ydGr+i1lRbGu728plTfT196X151cE2PYEqC05BEuHQFlE1rcUGC2+RfFqlvmipYcbOqJTQug==
  dependencies:
    "@formatjs/ecma402-abstract" "1.10.0"
    "@formatjs/intl-localematcher" "0.2.21"
    tslib "^2.1.0"

"@formatjs/intl-localematcher@0.2.21":
  version "0.2.21"
  resolved "https://registry.yarnpkg.com/@formatjs/intl-localematcher/-/intl-localematcher-0.2.21.tgz#39ef33d701fe8084f3d693cd3ff7cbe03cdd3a49"
  integrity sha512-JTJeLiNwexN4Gy0cMxoUPvJbKhXdnSuo5jPrDafEZpnDWlJ5VDYta8zUVVozO/pwzEmFVHEUpgiEDj+39L4oMg==
  dependencies:
    tslib "^2.1.0"

"@formatjs/intl@1.15.0":
  version "1.15.0"
  resolved "https://registry.yarnpkg.com/@formatjs/intl/-/intl-1.15.0.tgz#27e41bc74b40cf2977a3ac193ea7c42d279e2dac"
  integrity sha512-8apTN/j7+pF02U1pUbsORgvWHjVEXH6eXj1y1iw/bbPoVWqfTsUSj/u9hL9MMoLI04RnOQiuK2nIh0cKeOnh1Q==
  dependencies:
    "@formatjs/ecma402-abstract" "1.10.0"
    "@formatjs/fast-memoize" "1.2.0"
    "@formatjs/icu-messageformat-parser" "2.0.14"
    "@formatjs/intl-displaynames" "5.2.5"
    "@formatjs/intl-listformat" "6.3.5"
    intl-messageformat "9.9.4"
    tslib "^2.1.0"

"@popperjs/core@^2.5.4":
  version "2.10.2"
  resolved "https://registry.yarnpkg.com/@popperjs/core/-/core-2.10.2.tgz#0798c03351f0dea1a5a4cabddf26a55a7cbee590"
  integrity sha512-IXf3XA7+XyN7CP9gGh/XB0UxVMlvARGEgGXLubFICsUMGz6Q+DU+i4gGlpOxTjKvXjkJDJC8YdqdKkDj9qZHEQ==

"@types/faker@^5.5.9":
  version "5.5.9"
  resolved "https://registry.yarnpkg.com/@types/faker/-/faker-5.5.9.tgz#588ede92186dc557bff8341d294335d50d255f0c"
  integrity sha512-uCx6mP3UY5SIO14XlspxsGjgaemrxpssJI0Ol+GfhxtcKpv9pgRZYsS4eeKeHVLje6Qtc8lGszuBI461+gVZBA==

"@types/hoist-non-react-statics@^3.3.1":
  version "3.3.1"
  resolved "https://registry.yarnpkg.com/@types/hoist-non-react-statics/-/hoist-non-react-statics-3.3.1.tgz#1124aafe5118cb591977aeb1ceaaed1070eb039f"
  integrity sha512-iMIqiko6ooLrTh1joXodJK5X9xeEALT1kM5G3ZLhD3hszxBdIEd5C75U834D9mLcINgD4OyZf5uQXjkuYydWvA==
  dependencies:
    "@types/react" "*"
    hoist-non-react-statics "^3.3.0"

"@types/node@^11.12.1":
  version "11.15.54"
  resolved "https://registry.yarnpkg.com/@types/node/-/node-11.15.54.tgz#59ed60e7b0d56905a654292e8d73275034eb6283"
  integrity sha512-1RWYiq+5UfozGsU6MwJyFX6BtktcT10XRjvcAQmskCtMcW3tPske88lM/nHv7BQG1w9KBXI1zPGuu5PnNCX14g==

"@types/parse-json@^4.0.0":
  version "4.0.0"
  resolved "https://registry.yarnpkg.com/@types/parse-json/-/parse-json-4.0.0.tgz#2f8bb441434d163b35fb8ffdccd7138927ffb8c0"
  integrity sha512-//oorEZjL6sbPcKUaCdIGlIUeH26mgzimjBB77G6XRgnDl/L5wOnpyBGRe/Mmf5CVW3PwEBE1NjiMZ/ssFh4wA==

"@types/prop-types@*":
  version "15.7.4"
  resolved "https://registry.yarnpkg.com/@types/prop-types/-/prop-types-15.7.4.tgz#fcf7205c25dff795ee79af1e30da2c9790808f11"
  integrity sha512-rZ5drC/jWjrArrS8BR6SIr4cWpW09RNTYt9AMZo3Jwwif+iacXAqgVjm0B0Bv/S1jhDXKHqRVNCbACkJ89RAnQ==

"@types/react@*", "@types/react@16 || 17":
  version "17.0.34"
  resolved "https://registry.yarnpkg.com/@types/react/-/react-17.0.34.tgz#797b66d359b692e3f19991b6b07e4b0c706c0102"
  integrity sha512-46FEGrMjc2+8XhHXILr+3+/sTe3OfzSPU9YGKILLrUYbQ1CLQC9Daqo1KzENGXAWwrFwiY0l4ZbF20gRvgpWTg==
  dependencies:
    "@types/prop-types" "*"
    "@types/scheduler" "*"
    csstype "^3.0.2"

"@types/react@^16.8.10":
  version "16.14.20"
  resolved "https://registry.yarnpkg.com/@types/react/-/react-16.14.20.tgz#ff6e932ad71d92c27590e4a8667c7a53a7d0baad"
  integrity sha512-SV7TaVc8e9E/5Xuv6TIyJ5VhQpZoVFJqX6IZgj5HZoFCtIDCArE3qXkcHlc6O/Ud4UwcMoX+tlvDA95YrKdLgA==
  dependencies:
    "@types/prop-types" "*"
    "@types/scheduler" "*"
    csstype "^3.0.2"

"@types/scheduler@*":
  version "0.16.2"
  resolved "https://registry.yarnpkg.com/@types/scheduler/-/scheduler-0.16.2.tgz#1a62f89525723dde24ba1b01b092bf5df8ad4d39"
  integrity sha512-hppQEBDmlwhFAXKJX2KnWLYu5yMfi91yazPb2l+lbJiwW+wdo1gNeRA+3RgNSO39WYX2euey41KEwnqesU2Jew==

"@vtex/admin-illustrations@^0.1.2":
  version "0.1.2"
  resolved "https://registry.yarnpkg.com/@vtex/admin-illustrations/-/admin-illustrations-0.1.2.tgz#811835fc38f0e419eb1bd05528ef7b26f5b8df2d"
  integrity sha512-ObzFbOh3Gn3919Z/OsZ3Y4LsA5/IUjYQdvFmlL6IKs4+x5VOtnBUV1nm/o+TN5A7k4MfeKCWvFuZk89VBnpJHA==

"@vtex/admin-ui-core@^0.2.0":
  version "0.2.0"
  resolved "https://registry.yarnpkg.com/@vtex/admin-ui-core/-/admin-ui-core-0.2.0.tgz#4a7b72d0a73e20ecf2b8e8bfb66c74ec7aa2c2a7"
  integrity sha512-t/m0IrMT3xFB745zO0PCpRR6HctvllOJUp8HfFwYgee9oL2d4/1M6p/W7bvquyJoy9etBt1g7YenL46aJkFMwQ==
  dependencies:
    "@vtex/admin-ui-util" "^0.1.1"
    csstype "^3.0.5"
    deepmerge "^4.2.2"
    focus-visible "^5.1.0"
    react-helmet "6.1.0"
    tiny-invariant "^1.1.0"
    tiny-warning "^1.0.3"

"@vtex/admin-ui-hooks@^0.1.2":
  version "0.1.2"
  resolved "https://registry.yarnpkg.com/@vtex/admin-ui-hooks/-/admin-ui-hooks-0.1.2.tgz#6011322c888b4abd2f89207d49779f9d2a8ef987"
  integrity sha512-aT071MYZqDi07yiv1T7eXGCeu0POAKT3kODrc60cjA7wYYncxGU3Xt0tqstsI4FutQB15aBWToQMcz3uSTltkg==
  dependencies:
    "@vtex/admin-ui-util" "^0.1.1"
    use-debounce "^7.0.0"

"@vtex/admin-ui-icons@^0.13.3":
  version "0.13.3"
  resolved "https://registry.yarnpkg.com/@vtex/admin-ui-icons/-/admin-ui-icons-0.13.3.tgz#2e6723896e9911b5ad00711d681037a67987117f"
  integrity sha512-H4kUZZDO99PugODOwmgRTg/tt/fp+DsJEaXsELRKEUMOLdT8fuDniwl9Y2tA9lIqxU5qZS5yCWz5epoxXN+6KA==
  dependencies:
    "@vtex/admin-ui-core" "^0.2.0"

"@vtex/admin-ui-react@^0.2.3":
  version "0.2.3"
  resolved "https://registry.yarnpkg.com/@vtex/admin-ui-react/-/admin-ui-react-0.2.3.tgz#1b3a124e5f535bfce63ef9515b6b5cfa24f7e637"
  integrity sha512-Vm/heCvNZiskCEAIMzxkn6oOd+BNYcgUnlHwG+NZeowk9LO7shC3SsYEmzmNyNdE4dAZrcF0iDXb5T4BZ7IW1Q==
  dependencies:
    "@emotion/is-prop-valid" "^1.1.0"
    "@vtex/admin-ui-util" "^0.1.1"
    react-is "^17.0.2"
    tiny-invariant "^1.1.0"
    tiny-warning "^1.0.3"

"@vtex/admin-ui-util@^0.1.1":
  version "0.1.1"
  resolved "https://registry.yarnpkg.com/@vtex/admin-ui-util/-/admin-ui-util-0.1.1.tgz#a9c9d13b7374dc38b93a496eaddec06144385553"
  integrity sha512-OHDXP9F49nstJTddXVoXYznXK+v7RXc2AKCr9EtkjOyLVtxxQU/jZpFuQHBKNEhSx0IXXpeEmo44utIk/UHhlw==
  dependencies:
    lodash.get "^4.4.2"
    lodash.merge "^4.6.2"
    lodash.omit "^4.5.0"
    lodash.pick "^4.4.0"

"@vtex/admin-ui@^0.114.3":
  version "0.114.3"
  resolved "https://registry.yarnpkg.com/@vtex/admin-ui/-/admin-ui-0.114.3.tgz#6ee50c32bf0825477b9106ee4d8084ec816d7834"
  integrity sha512-8AOljoUCKTzSz1GcsICT8You1EivK7G7iHIKP0ITwaCitLttSw3wOZWfLiEJtv6UWsdI89PZt8OVh5sYDTeNog==
  dependencies:
    "@emotion/babel-plugin" "^11.2.0"
    "@emotion/css" "^11.1.3"
    "@emotion/react" "^11.1.5"
    "@vtex/admin-illustrations" "^0.1.2"
    "@vtex/admin-ui-core" "^0.2.0"
    "@vtex/admin-ui-hooks" "^0.1.2"
    "@vtex/admin-ui-icons" "^0.13.3"
    "@vtex/admin-ui-react" "^0.2.3"
    csstype "^3.0.5"
    deepmerge "^4.2.2"
    downshift "^6.0.6"
    focus-visible "^5.1.0"
    framer-motion "^2.9.4"
    polished "^3.6.7"
    react-device-detect "^1.15.0"
    react-is "^17.0.1"
    reakit "^1.3.5"
    reakit-utils "^0.14.3"
    tiny-invariant "^1.1.0"
    tiny-warning "^1.0.3"
    use-debounce "^7.0.0"

"@vtex/tsconfig@^0.4.4":
  version "0.4.4"
  resolved "https://registry.yarnpkg.com/@vtex/tsconfig/-/tsconfig-0.4.4.tgz#03fd9a65aabe4820e57a9ef14a01fdda1fab26fd"
  integrity sha512-aja4GABSbOyAC02TBEHem9ONN01fmKJR70t1+PNCgHGrmSVaLcjjQ7HbU0hhoyp+q7MvRIZznM60tIlntTogNA==

ansi-styles@^3.2.1:
  version "3.2.1"
  resolved "https://registry.yarnpkg.com/ansi-styles/-/ansi-styles-3.2.1.tgz#41fbb20243e50b12be0f04b8dedbf07520ce841d"
  integrity sha512-VT0ZI6kZRdTh8YyJw3SMbYm/u+NqfsAxEpWO0Pf9sq8/e94WxxOpPKx9FR1FlyCtOVDNOQ+8ntlqFxiRc+r5qA==
  dependencies:
    color-convert "^1.9.0"

babel-plugin-macros@^2.6.1:
  version "2.8.0"
  resolved "https://registry.yarnpkg.com/babel-plugin-macros/-/babel-plugin-macros-2.8.0.tgz#0f958a7cc6556b1e65344465d99111a1e5e10138"
  integrity sha512-SEP5kJpfGYqYKpBrj5XU3ahw5p5GOHJ0U5ssOSQ/WBVdwkD2Dzlce95exQTs3jOVWPPKLBN2rlEWkCK7dSmLvg==
  dependencies:
    "@babel/runtime" "^7.7.2"
    cosmiconfig "^6.0.0"
    resolve "^1.12.0"

body-scroll-lock@^3.1.5:
  version "3.1.5"
  resolved "https://registry.yarnpkg.com/body-scroll-lock/-/body-scroll-lock-3.1.5.tgz#c1392d9217ed2c3e237fee1e910f6cdd80b7aaec"
  integrity sha512-Yi1Xaml0EvNA0OYWxXiYNqY24AfWkbA6w5vxE7GWxtKfzIbZM+Qw+aSmkgsbWzbHiy/RCSkUZBplVxTA+E4jJg==

callsites@^3.0.0:
  version "3.1.0"
  resolved "https://registry.yarnpkg.com/callsites/-/callsites-3.1.0.tgz#b3630abd8943432f54b3f0519238e33cd7df2f73"
  integrity sha512-P8BjAsXvZS+VIDUI11hHCQEv74YT67YUi5JJFNWIqL235sBmjX4+qx9Muvls5ivyNENctx46xQLQ3aTuE7ssaQ==

chalk@^2.0.0:
  version "2.4.2"
  resolved "https://registry.yarnpkg.com/chalk/-/chalk-2.4.2.tgz#cd42541677a54333cf541a49108c1432b44c9424"
  integrity sha512-Mti+f9lpJNcwF4tWV8/OrTTtF1gZi+f8FqlyAdouralcFWFQWF2+NgCHShjkCb+IFBLq9buZwE1xckQU4peSuQ==
  dependencies:
    ansi-styles "^3.2.1"
    escape-string-regexp "^1.0.5"
    supports-color "^5.3.0"

color-convert@^1.9.0:
  version "1.9.3"
  resolved "https://registry.yarnpkg.com/color-convert/-/color-convert-1.9.3.tgz#bb71850690e1f136567de629d2d5471deda4c1e8"
  integrity sha512-QfAUtd+vFdAtFQcC8CCyYt1fYWxSqAiK2cSD6zDB8N3cpsEBAvRxp9zOGg6G/SHHJYAT88/az/IuDGALsNVbGg==
  dependencies:
    color-name "1.1.3"

color-name@1.1.3:
  version "1.1.3"
  resolved "https://registry.yarnpkg.com/color-name/-/color-name-1.1.3.tgz#a7d0558bd89c42f795dd42328f740831ca53bc25"
  integrity sha1-p9BVi9icQveV3UIyj3QIMcpTvCU=

compute-scroll-into-view@^1.0.17:
  version "1.0.17"
  resolved "https://registry.yarnpkg.com/compute-scroll-into-view/-/compute-scroll-into-view-1.0.17.tgz#6a88f18acd9d42e9cf4baa6bec7e0522607ab7ab"
  integrity sha512-j4dx+Fb0URmzbwwMUrhqWM2BEWHdFGx+qZ9qqASHRPqvTYdqvWnHg0H1hIbcyLnvgnoNAVMlwkepyqM3DaIFUg==

convert-source-map@^1.5.0:
  version "1.8.0"
  resolved "https://registry.yarnpkg.com/convert-source-map/-/convert-source-map-1.8.0.tgz#f3373c32d21b4d780dd8004514684fb791ca4369"
  integrity sha512-+OQdjP49zViI/6i7nIJpA8rAl4sV/JdPfU9nZs3VqOwGIgizICvuN2ru6fMd+4llL0tar18UYJXfZ/TWtmhUjA==
  dependencies:
    safe-buffer "~5.1.1"

cosmiconfig@^6.0.0:
  version "6.0.0"
  resolved "https://registry.yarnpkg.com/cosmiconfig/-/cosmiconfig-6.0.0.tgz#da4fee853c52f6b1e6935f41c1a2fc50bd4a9982"
  integrity sha512-xb3ZL6+L8b9JLLCx3ZdoZy4+2ECphCMo2PwqgP1tlfVq6M6YReyzBJtvWWtbDSpNr9hn96pkCiZqUcFEc+54Qg==
  dependencies:
    "@types/parse-json" "^4.0.0"
    import-fresh "^3.1.0"
    parse-json "^5.0.0"
    path-type "^4.0.0"
    yaml "^1.7.2"

csstype@^3.0.2, csstype@^3.0.5:
  version "3.0.9"
  resolved "https://registry.yarnpkg.com/csstype/-/csstype-3.0.9.tgz#6410af31b26bd0520933d02cbc64fce9ce3fbf0b"
  integrity sha512-rpw6JPxK6Rfg1zLOYCSwle2GFOOsnjmDYDaBwEcwoOg4qlsIVCN789VkBZDJAGi4T07gI4YSutR43t9Zz4Lzuw==

deepmerge@^4.2.2:
  version "4.2.2"
  resolved "https://registry.yarnpkg.com/deepmerge/-/deepmerge-4.2.2.tgz#44d2ea3679b8f4d4ffba33f03d865fc1e7bf4955"
  integrity sha512-FJ3UgI4gIl+PHZm53knsuSFpE+nESMr7M4v9QcgB7S63Kj/6WqMiFQJpBBYz1Pt+66bZpP3Q7Lye0Oo9MPKEdg==

downshift@^6.0.6:
  version "6.1.7"
  resolved "https://registry.yarnpkg.com/downshift/-/downshift-6.1.7.tgz#fdb4c4e4f1d11587985cd76e21e8b4b3fa72e44c"
  integrity sha512-cVprZg/9Lvj/uhYRxELzlu1aezRcgPWBjTvspiGTVEU64gF5pRdSRKFVLcxqsZC637cLAGMbL40JavEfWnqgNg==
  dependencies:
    "@babel/runtime" "^7.14.8"
    compute-scroll-into-view "^1.0.17"
    prop-types "^15.7.2"
    react-is "^17.0.2"
    tslib "^2.3.0"

error-ex@^1.3.1:
  version "1.3.2"
  resolved "https://registry.yarnpkg.com/error-ex/-/error-ex-1.3.2.tgz#b4ac40648107fdcdcfae242f428bea8a14d4f1bf"
  integrity sha512-7dFHNmqeFSEt2ZBsCriorKnn3Z2pj+fd9kmI6QoWw4//DL+icEBfc0U7qJCisqrTsKTjw4fNFy2pW9OqStD84g==
  dependencies:
    is-arrayish "^0.2.1"

escape-string-regexp@^1.0.5:
  version "1.0.5"
  resolved "https://registry.yarnpkg.com/escape-string-regexp/-/escape-string-regexp-1.0.5.tgz#1b61c0562190a8dff6ae3bb2cf0200ca130b86d4"
  integrity sha1-G2HAViGQqN/2rjuyzwIAyhMLhtQ=

escape-string-regexp@^4.0.0:
  version "4.0.0"
  resolved "https://registry.yarnpkg.com/escape-string-regexp/-/escape-string-regexp-4.0.0.tgz#14ba83a5d373e3d311e5afca29cf5bfad965bf34"
  integrity sha512-TtpcNJ3XAzx3Gq8sWRzJaVajRs0uVxA2YAkdb1jm2YkPz4G6egUFAyA3n5vtEIZefPk5Wa4UXbKuS5fKkJWdgA==

faker@^5.5.3:
  version "5.5.3"
  resolved "https://registry.yarnpkg.com/faker/-/faker-5.5.3.tgz#c57974ee484431b25205c2c8dc09fda861e51e0e"
  integrity sha512-wLTv2a28wjUyWkbnX7u/ABZBkUkIF2fCd73V6P2oFqEGEktDfzWx4UxrSqtPRw0xPRAcjeAOIiJWqZm3pP4u3g==

find-root@^1.1.0:
  version "1.1.0"
  resolved "https://registry.yarnpkg.com/find-root/-/find-root-1.1.0.tgz#abcfc8ba76f708c42a97b3d685b7e9450bfb9ce4"
  integrity sha512-NKfW6bec6GfKc0SGx1e07QZY9PE99u0Bft/0rzSD5k3sO/vwkVUpDUKVm5Gpp5Ue3YfShPFTX2070tDs5kB9Ng==

focus-visible@^5.1.0:
  version "5.2.0"
  resolved "https://registry.yarnpkg.com/focus-visible/-/focus-visible-5.2.0.tgz#3a9e41fccf587bd25dcc2ef045508284f0a4d6b3"
  integrity sha512-Rwix9pBtC1Nuy5wysTmKy+UjbDJpIfg8eHjw0rjZ1mX4GNLz1Bmd16uDpI3Gk1i70Fgcs8Csg2lPm8HULFg9DQ==

framer-motion@^2.9.4:
  version "2.9.5"
  resolved "https://registry.yarnpkg.com/framer-motion/-/framer-motion-2.9.5.tgz#bbb185325d531c57f494cf3f6cf7719fc2c225c7"
  integrity sha512-epSX4Co1YbDv0mjfHouuY0q361TpHE7WQzCp/xMTilxy4kXd+Z23uJzPVorfzbm1a/9q1Yu8T5bndaw65NI4Tg==
  dependencies:
    framesync "^4.1.0"
    hey-listen "^1.0.8"
    popmotion "9.0.0-rc.20"
    style-value-types "^3.1.9"
    tslib "^1.10.0"
  optionalDependencies:
    "@emotion/is-prop-valid" "^0.8.2"

framesync@^4.1.0:
  version "4.1.0"
  resolved "https://registry.yarnpkg.com/framesync/-/framesync-4.1.0.tgz#69a8db3ca432dc70d6a76ba882684a1497ef068a"
  integrity sha512-MmgZ4wCoeVxNbx2xp5hN/zPDCbLSKiDt4BbbslK7j/pM2lg5S0vhTNv1v8BCVb99JPIo6hXBFdwzU7Q4qcAaoQ==
  dependencies:
    hey-listen "^1.0.5"

function-bind@^1.1.1:
  version "1.1.1"
  resolved "https://registry.yarnpkg.com/function-bind/-/function-bind-1.1.1.tgz#a56899d3ea3c9bab874bb9773b7c5ede92f4895d"
  integrity sha512-yIovAzMX49sF8Yl58fSCWJ5svSLuaibPxXQJFLmBObTuCr0Mf1KiPopGM9NiFjiYBCbfaa2Fh6breQ6ANVTI0A==

has-flag@^3.0.0:
  version "3.0.0"
  resolved "https://registry.yarnpkg.com/has-flag/-/has-flag-3.0.0.tgz#b5d454dc2199ae225699f3467e5a07f3b955bafd"
  integrity sha1-tdRU3CGZriJWmfNGfloH87lVuv0=

has@^1.0.3:
  version "1.0.3"
  resolved "https://registry.yarnpkg.com/has/-/has-1.0.3.tgz#722d7cbfc1f6aa8241f16dd814e011e1f41e8796"
  integrity sha512-f2dvO0VU6Oej7RkWJGrehjbzMAjFp5/VKPp5tTpWIV4JHHZK1/BxbFRtf/siA2SWTe09caDmVtYYzWEIbBS4zw==
  dependencies:
    function-bind "^1.1.1"

hey-listen@^1.0.5, hey-listen@^1.0.8:
  version "1.0.8"
  resolved "https://registry.yarnpkg.com/hey-listen/-/hey-listen-1.0.8.tgz#8e59561ff724908de1aa924ed6ecc84a56a9aa68"
  integrity sha512-COpmrF2NOg4TBWUJ5UVyaCU2A88wEMkUPK4hNqyCkqHbxT92BbvfjoSozkAIIm6XhicGlJHhFdullInrdhwU8Q==

hoist-non-react-statics@^3.3.0, hoist-non-react-statics@^3.3.1, hoist-non-react-statics@^3.3.2:
  version "3.3.2"
  resolved "https://registry.yarnpkg.com/hoist-non-react-statics/-/hoist-non-react-statics-3.3.2.tgz#ece0acaf71d62c2969c2ec59feff42a4b1a85b45"
  integrity sha512-/gGivxi8JPKWNm/W0jSmzcMPpfpPLc3dY/6GxhX2hQ9iGj3aDfklV4ET7NjKpSinLpJ5vafa9iiGIEZg10SfBw==
  dependencies:
    react-is "^16.7.0"

import-fresh@^3.1.0:
  version "3.3.0"
  resolved "https://registry.yarnpkg.com/import-fresh/-/import-fresh-3.3.0.tgz#37162c25fcb9ebaa2e6e53d5b4d88ce17d9e0c2b"
  integrity sha512-veYYhQa+D1QBKznvhUHxb8faxlrwUnxseDAbAp457E0wLNio2bOSKnjYDhMj+YiAq61xrMGhQk9iXVk5FzgQMw==
  dependencies:
    parent-module "^1.0.0"
    resolve-from "^4.0.0"

intl-messageformat@9.9.4:
  version "9.9.4"
  resolved "https://registry.yarnpkg.com/intl-messageformat/-/intl-messageformat-9.9.4.tgz#e4a9c06a2036efcc2c6a20f30d13bcc77da6c6f0"
  integrity sha512-+Mz5LMTV+JCybFBym69z+XnE47wnIjHC31Jz7We6SE0yKyjf/neaWAFz8teuT6OUw/AW3Orr5LO4SHVNXl5keg==
  dependencies:
    "@formatjs/fast-memoize" "1.2.0"
    "@formatjs/icu-messageformat-parser" "2.0.14"
    tslib "^2.1.0"

is-arrayish@^0.2.1:
  version "0.2.1"
  resolved "https://registry.yarnpkg.com/is-arrayish/-/is-arrayish-0.2.1.tgz#77c99840527aa8ecb1a8ba697b80645a7a926a9d"
  integrity sha1-d8mYQFJ6qOyxqLppe4BkWnqSap0=

is-core-module@^2.2.0:
  version "2.8.0"
  resolved "https://registry.yarnpkg.com/is-core-module/-/is-core-module-2.8.0.tgz#0321336c3d0925e497fd97f5d95cb114a5ccd548"
  integrity sha512-vd15qHsaqrRL7dtH6QNuy0ndJmRDrS9HAM1CAiSifNUFv4x1a0CCVsj18hJ1mShxIG6T2i1sO78MkP56r0nYRw==
  dependencies:
    has "^1.0.3"

"js-tokens@^3.0.0 || ^4.0.0", js-tokens@^4.0.0:
  version "4.0.0"
  resolved "https://registry.yarnpkg.com/js-tokens/-/js-tokens-4.0.0.tgz#19203fb59991df98e3a287050d4647cdeaf32499"
  integrity sha512-RdJUflcE3cUzKiMqQgsCu06FPu9UdIJO0beYbPhHN4k6apgJtifcoCtT9bcxOpYBtpD2kCM6Sbzg4CausW/PKQ==

json-parse-even-better-errors@^2.3.0:
  version "2.3.1"
  resolved "https://registry.yarnpkg.com/json-parse-even-better-errors/-/json-parse-even-better-errors-2.3.1.tgz#7c47805a94319928e05777405dc12e1f7a4ee02d"
  integrity sha512-xyFwyhro/JEof6Ghe2iz2NcXoj2sloNsWr/XsERDK/oiPCfaNhl5ONfp+jQdAZRQQ0IJWNzH9zIZF7li91kh2w==

lines-and-columns@^1.1.6:
  version "1.1.6"
  resolved "https://registry.yarnpkg.com/lines-and-columns/-/lines-and-columns-1.1.6.tgz#1c00c743b433cd0a4e80758f7b64a57440d9ff00"
  integrity sha1-HADHQ7QzzQpOgHWPe2SldEDZ/wA=

lodash.get@^4.4.2:
  version "4.4.2"
  resolved "https://registry.yarnpkg.com/lodash.get/-/lodash.get-4.4.2.tgz#2d177f652fa31e939b4438d5341499dfa3825e99"
  integrity sha1-LRd/ZS+jHpObRDjVNBSZ36OCXpk=

lodash.merge@^4.6.2:
  version "4.6.2"
  resolved "https://registry.yarnpkg.com/lodash.merge/-/lodash.merge-4.6.2.tgz#558aa53b43b661e1925a0afdfa36a9a1085fe57a"
  integrity sha512-0KpjqXRVvrYyCsX1swR/XTK0va6VQkQM6MNo7PqW77ByjAhoARA8EfrP1N4+KlKj8YS0ZUCtRT/YUuhyYDujIQ==

lodash.omit@^4.5.0:
  version "4.5.0"
  resolved "https://registry.yarnpkg.com/lodash.omit/-/lodash.omit-4.5.0.tgz#6eb19ae5a1ee1dd9df0b969e66ce0b7fa30b5e60"
  integrity sha1-brGa5aHuHdnfC5aeZs4Lf6MLXmA=

lodash.pick@^4.4.0:
  version "4.4.0"
  resolved "https://registry.yarnpkg.com/lodash.pick/-/lodash.pick-4.4.0.tgz#52f05610fff9ded422611441ed1fc123a03001b3"
  integrity sha1-UvBWEP/53tQiYRRB7R/BI6AwAbM=

loose-envify@^1.1.0, loose-envify@^1.4.0:
  version "1.4.0"
  resolved "https://registry.yarnpkg.com/loose-envify/-/loose-envify-1.4.0.tgz#71ee51fa7be4caec1a63839f7e682d8132d30caf"
  integrity sha512-lyuxPGr/Wfhrlem2CL/UcnUc1zcqKAImBDzukY7Y5F/yQiNdko6+fRLevlw1HgMySw7f611UIY408EtxRSoK3Q==
  dependencies:
    js-tokens "^3.0.0 || ^4.0.0"

object-assign@^4.1.1:
  version "4.1.1"
  resolved "https://registry.yarnpkg.com/object-assign/-/object-assign-4.1.1.tgz#2109adc7965887cfc05cbbd442cac8bfbb360863"
  integrity sha1-IQmtx5ZYh8/AXLvUQsrIv7s2CGM=

parent-module@^1.0.0:
  version "1.0.1"
  resolved "https://registry.yarnpkg.com/parent-module/-/parent-module-1.0.1.tgz#691d2709e78c79fae3a156622452d00762caaaa2"
  integrity sha512-GQ2EWRpQV8/o+Aw8YqtfZZPfNRWZYkbidE9k5rpl/hC3vtHHBfGm2Ifi6qWV+coDGkrUKZAxE3Lot5kcsRlh+g==
  dependencies:
    callsites "^3.0.0"

parse-json@^5.0.0:
  version "5.2.0"
  resolved "https://registry.yarnpkg.com/parse-json/-/parse-json-5.2.0.tgz#c76fc66dee54231c962b22bcc8a72cf2f99753cd"
  integrity sha512-ayCKvm/phCGxOkYRSCM82iDwct8/EonSEgCSxWxD7ve6jHggsFl4fZVQBPRNgQoKiuV/odhFrGzQXZwbifC8Rg==
  dependencies:
    "@babel/code-frame" "^7.0.0"
    error-ex "^1.3.1"
    json-parse-even-better-errors "^2.3.0"
    lines-and-columns "^1.1.6"

path-parse@^1.0.6:
  version "1.0.7"
  resolved "https://registry.yarnpkg.com/path-parse/-/path-parse-1.0.7.tgz#fbc114b60ca42b30d9daf5858e4bd68bbedb6735"
  integrity sha512-LDJzPVEEEPR+y48z93A0Ed0yXb8pAByGWo/k5YYdYgpY2/2EsOsksJrq7lOHxryrVOn1ejG6oAp8ahvOIQD8sw==

path-type@^4.0.0:
  version "4.0.0"
  resolved "https://registry.yarnpkg.com/path-type/-/path-type-4.0.0.tgz#84ed01c0a7ba380afe09d90a8c180dcd9d03043b"
  integrity sha512-gDKb8aZMDeD/tZWs9P6+q0J9Mwkdl6xMV8TjnGP3qJVJ06bdMgkbBlLU8IdfOsIsFz2BW1rNVT3XuNEl8zPAvw==

polished@^3.6.7:
  version "3.7.2"
  resolved "https://registry.yarnpkg.com/polished/-/polished-3.7.2.tgz#ec5ddc17a7d322a574d5e10ddd2a6f01d3e767d1"
  integrity sha512-pQKtpZGmsZrW8UUpQMAnR7s3ppHeMQVNyMDKtUyKwuvDmklzcEyM5Kllb3JyE/sE/x7arDmyd35i+4vp99H6sQ==
  dependencies:
    "@babel/runtime" "^7.12.5"

popmotion@9.0.0-rc.20:
  version "9.0.0-rc.20"
  resolved "https://registry.yarnpkg.com/popmotion/-/popmotion-9.0.0-rc.20.tgz#f3550042ae31957b5416793ae8723200951ad39d"
  integrity sha512-f98sny03WuA+c8ckBjNNXotJD4G2utG/I3Q23NU69OEafrXtxxSukAaJBxzbtxwDvz3vtZK69pu9ojdkMoBNTg==
  dependencies:
    framesync "^4.1.0"
    hey-listen "^1.0.8"
    style-value-types "^3.1.9"
    tslib "^1.10.0"

prop-types@^15.6.2, prop-types@^15.7.2:
  version "15.7.2"
  resolved "https://registry.yarnpkg.com/prop-types/-/prop-types-15.7.2.tgz#52c41e75b8c87e72b9d9360e0206b99dcbffa6c5"
  integrity sha512-8QQikdH7//R2vurIJSutZ1smHYTcLpRWEOlHnzcWHmBYrOGUysKwSsrC89BCiFj3CbrfJ/nXFdJepOVrY1GCHQ==
  dependencies:
    loose-envify "^1.4.0"
    object-assign "^4.1.1"
    react-is "^16.8.1"

react-device-detect@^1.15.0:
  version "1.17.0"
  resolved "https://registry.yarnpkg.com/react-device-detect/-/react-device-detect-1.17.0.tgz#a00b4fd6880cebfab3fd8a42a79dc0290cdddca9"
  integrity sha512-bBblIStwpHmoS281JFIVqeimcN3LhpoP5YKDWzxQdBIUP8S2xPvHDgizLDhUq2ScguLfVPmwfF5y268EEQR60w==
  dependencies:
    ua-parser-js "^0.7.24"

react-dom@^16.8.6:
  version "16.14.0"
  resolved "https://registry.yarnpkg.com/react-dom/-/react-dom-16.14.0.tgz#7ad838ec29a777fb3c75c3a190f661cf92ab8b89"
  integrity sha512-1gCeQXDLoIqMgqD3IO2Ah9bnf0w9kzhwN5q4FGnHZ67hBm9yePzB5JJAIQCc8x3pFnNlwFq4RidZggNAAkzWWw==
  dependencies:
    loose-envify "^1.1.0"
    object-assign "^4.1.1"
    prop-types "^15.6.2"
    scheduler "^0.19.1"

react-fast-compare@^3.1.1:
  version "3.2.0"
  resolved "https://registry.yarnpkg.com/react-fast-compare/-/react-fast-compare-3.2.0.tgz#641a9da81b6a6320f270e89724fb45a0b39e43bb"
  integrity sha512-rtGImPZ0YyLrscKI9xTpV8psd6I8VAtjKCzQDlzyDvqJA8XOW78TXYQwNRNd8g8JZnDu8q9Fu/1v4HPAVwVdHA==

react-helmet@6.1.0:
  version "6.1.0"
  resolved "https://registry.yarnpkg.com/react-helmet/-/react-helmet-6.1.0.tgz#a750d5165cb13cf213e44747502652e794468726"
  integrity sha512-4uMzEY9nlDlgxr61NL3XbKRy1hEkXmKNXhjbAIOVw5vcFrsdYbH2FEwcNyWvWinl103nXgzYNlns9ca+8kFiWw==
  dependencies:
    object-assign "^4.1.1"
    prop-types "^15.7.2"
    react-fast-compare "^3.1.1"
    react-side-effect "^2.1.0"

react-intl@^5.21.0:
  version "5.21.0"
  resolved "https://registry.yarnpkg.com/react-intl/-/react-intl-5.21.0.tgz#efd3be096baf806b7488927176b9bae9bf913df8"
  integrity sha512-tRXg0JrMFpHgOokj+gFXvEbm4ZEePnidfVWFh3fbYc2FlJGnwxLjsvzCvRVv2qyNMHCy8xX6frRGe52WDOiYOg==
  dependencies:
    "@formatjs/ecma402-abstract" "1.10.0"
    "@formatjs/icu-messageformat-parser" "2.0.14"
    "@formatjs/intl" "1.15.0"
    "@formatjs/intl-displaynames" "5.2.5"
    "@formatjs/intl-listformat" "6.3.5"
    "@types/hoist-non-react-statics" "^3.3.1"
    "@types/react" "16 || 17"
    hoist-non-react-statics "^3.3.2"
    intl-messageformat "9.9.4"
    tslib "^2.1.0"

react-is@^16.7.0, react-is@^16.8.1:
  version "16.13.1"
  resolved "https://registry.yarnpkg.com/react-is/-/react-is-16.13.1.tgz#789729a4dc36de2999dc156dd6c1d9c18cea56a4"
  integrity sha512-24e6ynE2H+OKt4kqsOvNd8kBpV65zoxbA4BVsEOB3ARVWQki/DHzaUoC5KuON/BiccDaCCTZBuOcfZs70kR8bQ==

react-is@^17.0.1, react-is@^17.0.2:
  version "17.0.2"
  resolved "https://registry.yarnpkg.com/react-is/-/react-is-17.0.2.tgz#e691d4a8e9c789365655539ab372762b0efb54f0"
  integrity sha512-w2GsyukL62IJnlaff/nRegPQR94C/XXamvMWmSHRJ4y7Ts/4ocGRmTHvOs8PSE6pB3dWOrD/nueuU5sduBsQ4w==

react-side-effect@^2.1.0:
  version "2.1.1"
  resolved "https://registry.yarnpkg.com/react-side-effect/-/react-side-effect-2.1.1.tgz#66c5701c3e7560ab4822a4ee2742dee215d72eb3"
  integrity sha512-2FoTQzRNTncBVtnzxFOk2mCpcfxQpenBMbk5kSVBg5UcPqV9fRbgY2zhb7GTWWOlpFmAxhClBDlIq8Rsubz1yQ==

react@^16.8.6:
  version "16.14.0"
  resolved "https://registry.yarnpkg.com/react/-/react-16.14.0.tgz#94d776ddd0aaa37da3eda8fc5b6b18a4c9a3114d"
  integrity sha512-0X2CImDkJGApiAlcf0ODKIneSwBPhqJawOa5wCtKbu7ZECrmS26NvtSILynQ66cgkT/RJ4LidJOc3bUESwmU8g==
  dependencies:
    loose-envify "^1.1.0"
    object-assign "^4.1.1"
    prop-types "^15.6.2"

reakit-system@^0.15.2:
  version "0.15.2"
  resolved "https://registry.yarnpkg.com/reakit-system/-/reakit-system-0.15.2.tgz#a485fab84b3942acbed6212c3b56a6ef8611c457"
  integrity sha512-TvRthEz0DmD0rcJkGamMYx+bATwnGNWJpe/lc8UV2Js8nnPvkaxrHk5fX9cVASFrWbaIyegZHCWUBfxr30bmmA==
  dependencies:
    reakit-utils "^0.15.2"

reakit-utils@^0.14.3:
  version "0.14.4"
  resolved "https://registry.yarnpkg.com/reakit-utils/-/reakit-utils-0.14.4.tgz#1ecf035faf58960ba48eac2963f70269596effcf"
  integrity sha512-jDEf/NmZVJ6fs10G16ifD+RFhQikSLN7VfjRHu0CPoUj4g6lFXd5PPcRXCY81qiqc9FVHjr2d2fmsw1hs6xUxA==

reakit-utils@^0.15.2:
  version "0.15.2"
  resolved "https://registry.yarnpkg.com/reakit-utils/-/reakit-utils-0.15.2.tgz#b4d5836e534576bfd175171541d43182ad97f2d2"
  integrity sha512-i/RYkq+W6hvfFmXw5QW7zvfJJT/K8a4qZ0hjA79T61JAFPGt23DsfxwyBbyK91GZrJ9HMrXFVXWMovsKBc1qEQ==

reakit-warning@^0.6.2:
  version "0.6.2"
  resolved "https://registry.yarnpkg.com/reakit-warning/-/reakit-warning-0.6.2.tgz#9c346ae483eb1f284f2088653f90cabd26dbee56"
  integrity sha512-z/3fvuc46DJyD3nJAUOto6inz2EbSQTjvI/KBQDqxwB0y02HDyeP8IWOJxvkuAUGkWpeSx+H3QWQFSNiPcHtmw==
  dependencies:
    reakit-utils "^0.15.2"

reakit@^1.3.5:
  version "1.3.10"
  resolved "https://registry.yarnpkg.com/reakit/-/reakit-1.3.10.tgz#9b04efb8962cc17ecaffa31bae0396940177d431"
  integrity sha512-HxHtnegMDwidGU4Ik/fKTZ3coihf4nKeycs0QSIFWcau77qL5wL6xnqZrAxcjjDDPOIANct3LxTiAlf+qGLOlw==
  dependencies:
    "@popperjs/core" "^2.5.4"
    body-scroll-lock "^3.1.5"
    reakit-system "^0.15.2"
    reakit-utils "^0.15.2"
    reakit-warning "^0.6.2"

regenerator-runtime@^0.13.4:
  version "0.13.9"
  resolved "https://registry.yarnpkg.com/regenerator-runtime/-/regenerator-runtime-0.13.9.tgz#8925742a98ffd90814988d7566ad30ca3b263b52"
  integrity sha512-p3VT+cOEgxFsRRA9X4lkI1E+k2/CtnKtU4gcxyaCUreilL/vqI6CdZ3wxVUx3UOUg+gnUOQQcRI7BmSI656MYA==

resolve-from@^4.0.0:
  version "4.0.0"
  resolved "https://registry.yarnpkg.com/resolve-from/-/resolve-from-4.0.0.tgz#4abcd852ad32dd7baabfe9b40e00a36db5f392e6"
  integrity sha512-pb/MYmXstAkysRFx8piNI1tGFNQIFA3vkE3Gq4EuA1dF6gHp/+vgZqsCGJapvy8N3Q+4o7FwvquPJcnZ7RYy4g==

resolve@^1.12.0:
  version "1.20.0"
  resolved "https://registry.yarnpkg.com/resolve/-/resolve-1.20.0.tgz#629a013fb3f70755d6f0b7935cc1c2c5378b1975"
  integrity sha512-wENBPt4ySzg4ybFQW2TT1zMQucPK95HSh/nq2CFTZVOGut2+pQvSsgtda4d26YrYcr067wjbmzOG8byDPBX63A==
  dependencies:
    is-core-module "^2.2.0"
    path-parse "^1.0.6"

safe-buffer@~5.1.1:
  version "5.1.2"
  resolved "https://registry.yarnpkg.com/safe-buffer/-/safe-buffer-5.1.2.tgz#991ec69d296e0313747d59bdfd2b745c35f8828d"
  integrity sha512-Gd2UZBJDkXlY7GbJxfsE8/nvKkUEU1G38c1siN6QP6a9PT9MmHB8GnpscSmMJSoF8LOIrt8ud/wPtojys4G6+g==

scheduler@^0.19.1:
  version "0.19.1"
  resolved "https://registry.yarnpkg.com/scheduler/-/scheduler-0.19.1.tgz#4f3e2ed2c1a7d65681f4c854fa8c5a1ccb40f196"
  integrity sha512-n/zwRWRYSUj0/3g/otKDRPMh6qv2SYMWNq85IEa8iZyAv8od9zDYpGSnpBEjNgcMNq6Scbu5KfIPxNF72R/2EA==
  dependencies:
    loose-envify "^1.1.0"
    object-assign "^4.1.1"

source-map@^0.5.7:
  version "0.5.7"
  resolved "https://registry.yarnpkg.com/source-map/-/source-map-0.5.7.tgz#8a039d2d1021d22d1ea14c80d8ea468ba2ef3fcc"
  integrity sha1-igOdLRAh0i0eoUyA2OpGi6LvP8w=

style-value-types@^3.1.9:
  version "3.2.0"
  resolved "https://registry.yarnpkg.com/style-value-types/-/style-value-types-3.2.0.tgz#eb89cab1340823fa7876f3e289d29d99c92111bb"
  integrity sha512-ih0mGsrYYmVvdDi++/66O6BaQPRPRMQHoZevNNdMMcPlP/cH28Rnfsqf1UEba/Bwfuw9T8BmIMwbGdzsPwQKrQ==
  dependencies:
    hey-listen "^1.0.8"
    tslib "^1.10.0"

stylis@^4.0.10, stylis@^4.0.3:
  version "4.0.10"
  resolved "https://registry.yarnpkg.com/stylis/-/stylis-4.0.10.tgz#446512d1097197ab3f02fb3c258358c3f7a14240"
  integrity sha512-m3k+dk7QeJw660eIKRRn3xPF6uuvHs/FFzjX3HQ5ove0qYsiygoAhwn5a3IYKaZPo5LrYD0rfVmtv1gNY1uYwg==

supports-color@^5.3.0:
  version "5.5.0"
  resolved "https://registry.yarnpkg.com/supports-color/-/supports-color-5.5.0.tgz#e2e69a44ac8772f78a1ec0b35b689df6530efc8f"
  integrity sha512-QjVjwdXIt408MIiAqCX4oUKsgU2EqAGzs2Ppkm4aQYbjm+ZEWEcW4SfFNTr4uMNZma0ey4f5lgLrkB0aX0QMow==
  dependencies:
    has-flag "^3.0.0"

tiny-invariant@^1.1.0:
  version "1.2.0"
  resolved "https://registry.yarnpkg.com/tiny-invariant/-/tiny-invariant-1.2.0.tgz#a1141f86b672a9148c72e978a19a73b9b94a15a9"
  integrity sha512-1Uhn/aqw5C6RI4KejVeTg6mIS7IqxnLJ8Mv2tV5rTc0qWobay7pDUz6Wi392Cnc8ak1H0F2cjoRzb2/AW4+Fvg==

tiny-warning@^1.0.3:
  version "1.0.3"
  resolved "https://registry.yarnpkg.com/tiny-warning/-/tiny-warning-1.0.3.tgz#94a30db453df4c643d0fd566060d60a875d84754"
  integrity sha512-lBN9zLN/oAf68o3zNXYrdCt1kP8WsiGW8Oo2ka41b2IM5JL/S1CTyX1rW0mb/zSuJun0ZUrDxx4sqvYS2FWzPA==

to-fast-properties@^2.0.0:
  version "2.0.0"
  resolved "https://registry.yarnpkg.com/to-fast-properties/-/to-fast-properties-2.0.0.tgz#dc5e698cbd079265bc73e0377681a4e4e83f616e"
  integrity sha1-3F5pjL0HkmW8c+A3doGk5Og/YW4=

tslib@^1.10.0:
  version "1.14.1"
  resolved "https://registry.yarnpkg.com/tslib/-/tslib-1.14.1.tgz#cf2d38bdc34a134bcaf1091c41f6619e2f672d00"
  integrity sha512-Xni35NKzjgMrwevysHTCArtLDpPvye8zV/0E4EyYn43P7/7qvQwPh9BGkHewbMulVntbigmcT7rdX3BNo9wRJg==

tslib@^2.1.0, tslib@^2.3.0:
  version "2.3.1"
  resolved "https://registry.yarnpkg.com/tslib/-/tslib-2.3.1.tgz#e8a335add5ceae51aa261d32a490158ef042ef01"
  integrity sha512-77EbyPPpMz+FRFRuAFlWMtmgUWGe9UOG2Z25NqCwiIjRhOf5iKGuzSe5P2w1laq+FkRy4p+PCuVkJSGkzTEKVw==

typescript@3.9.7:
  version "3.9.7"
  resolved "https://registry.yarnpkg.com/typescript/-/typescript-3.9.7.tgz#98d600a5ebdc38f40cb277522f12dc800e9e25fa"
  integrity sha512-BLbiRkiBzAwsjut4x/dsibSTB6yWpwT5qWmC2OfuCg3GgVQCSgMs4vEctYPhsaGtd0AeuuHMkjZ2h2WG8MSzRw==

ua-parser-js@^0.7.24:
  version "0.7.31"
  resolved "https://registry.yarnpkg.com/ua-parser-js/-/ua-parser-js-0.7.31.tgz#649a656b191dffab4f21d5e053e27ca17cbff5c6"
  integrity sha512-qLK/Xe9E2uzmYI3qLeOmI0tEOt+TBBQyUIAh4aAgU05FVYzeZrKUdkAZfBNVGRaHVgV0TDkdEngJSw/SyQchkQ==

use-debounce@^7.0.0:
  version "7.0.1"
  resolved "https://registry.yarnpkg.com/use-debounce/-/use-debounce-7.0.1.tgz#380e6191cc13ad29f8e2149a12b5c37cc2891190"
  integrity sha512-fOrzIw2wstbAJuv8PC9Vg4XgwyTLEOdq4y/Z3IhVl8DAE4svRcgyEUvrEXu+BMNgMoc3YND6qLT61kkgEKXh7Q==

yaml@^1.7.2:
  version "1.10.2"
  resolved "https://registry.yarnpkg.com/yaml/-/yaml-1.10.2.tgz#2301c5ffbf12b467de8da2333a459e29e7920e4b"
  integrity sha512-r3vXyErRCYJ7wg28yvBY5VSoAF8ZvlcW9/BwUzEtUsjvX/DKs24dIkuwjtuprwJJHsbyUbLApepYTR1BN4uHrg==
